
Microsoft Visual Studio Solution File, Format Version 12.00
# Visual Studio Version 16
VisualStudioVersion = 25.0.1705.7
MinimumVisualStudioVersion = 10.0.40219.1
Project("{FAE04EC0-301F-11D3-BF4B-00C04F79EFBC}") = "HospitalSimulator", "HospitalSimulator\HospitalSimulator.csproj", "{F7F847FE-6370-4F40-BAF1-6AF895C11E2C}"
EndProject
Global
	GlobalSection(SolutionConfigurationPlatforms) = preSolution
		Debug|Any CPU = Debug|Any CPU
		Release|Any CPU = Release|Any CPU
	EndGlobalSection
	GlobalSection(ProjectConfigurationPlatforms) = postSolution
		{F7F847FE-6370-4F40-BAF1-6AF895C11E2C}.Debug|Any CPU.ActiveCfg = Debug|Any CPU
		{F7F847FE-6370-4F40-BAF1-6AF895C11E2C}.Debug|Any CPU.Build.0 = Debug|Any CPU
		{F7F847FE-6370-4F40-BAF1-6AF895C11E2C}.Release|Any CPU.ActiveCfg = Release|Any CPU
		{F7F847FE-6370-4F40-BAF1-6AF895C11E2C}.Release|Any CPU.Build.0 = Release|Any CPU
	EndGlobalSection
	GlobalSection(SolutionProperties) = preSolution
		HideSolutionNode = FALSE
	EndGlobalSection
	GlobalSection(ExtensibilityGlobals) = postSolution
		SolutionGuid = {D2CD19BB-3CD9-484A-8F5B-47F7D950BB2F}
	EndGlobalSection
EndGlobal
